// !$*UTF8*$!
{
	archiveVersion = 1;
	classes = {
	};
	objectVersion = 77;
	objects = {

/* Begin PBXBuildFile section */
		00558A31A9FA99C608F2520F /* FindDialog.swift in Sources */ = {isa = PBXBuildFile; fileRef = 30D9DBF4C3EC85310C62B1C7 /* FindDialog.swift */; };
		00E814E379F24FE5EF660101 /* LineColumnTracker.swift in Sources */ = {isa = PBXBuildFile; fileRef = 6AD0ED40C1F53CD2163049FB /* LineColumnTracker.swift */; };
		05B2074D7CABDD0F0DD2FFA6 /* Fonts.swift in Sources */ = {isa = PBXBuildFile; fileRef = F10BA9B9C8DA6063A57C0AED /* Fonts.swift */; };
		07DBA8753173EF1181A575A3 /* DocumentState.swift in Sources */ = {isa = PBXBuildFile; fileRef = 7D767CF4A69FEDEBDB4C305B /* DocumentState.swift */; };
		086CC10298D36F5DD6EC525B /* DocumentReaderTests.swift in Sources */ = {isa = PBXBuildFile; fileRef = B4EB661F2E69995394AD57FF /* DocumentReaderTests.swift */; };
		0D3F1409C27F22F7CD34F99D /* ReplaceDialog.swift in Sources */ = {isa = PBXBuildFile; fileRef = 6ABB3147F275B90404C7A5EB /* ReplaceDialog.swift */; };
		11ADAD7D1DA447CB9CD565FA /* Colors.swift in Sources */ = {isa = PBXBuildFile; fileRef = 0708751F71CE14CE9A80C8CB /* Colors.swift */; };
		1DE5C1E786FB5DDBECA301DD /* ZoomController.swift in Sources */ = {isa = PBXBuildFile; fileRef = 5A317A5416B32A76D70DB52C /* ZoomController.swift */; };
		24A274C922FD68DA9A22F92A /* ZoomControllerTests.swift in Sources */ = {isa = PBXBuildFile; fileRef = 03A992C06AECDD62A73CD889 /* ZoomControllerTests.swift */; };
		26BB54478B8771A6E998BC64 /* FontDialog.swift in Sources */ = {isa = PBXBuildFile; fileRef = 7BE543B8164509F34CDE9F0B /* FontDialog.swift */; };
		2C6C8BB57ED19B9B07071AE6 /* LineEndingDetector.swift in Sources */ = {isa = PBXBuildFile; fileRef = CC9ED3CE49A54BAD721FD0E4 /* LineEndingDetector.swift */; };
		2ED79ED27A2AA6A2166B4529 /* EncodingDetectorTests.swift in Sources */ = {isa = PBXBuildFile; fileRef = D2EB41418D9B69D9C4C78EE8 /* EncodingDetectorTests.swift */; };
		3121E6903D0B810FC0A95C79 /* MenuBuilder.swift in Sources */ = {isa = PBXBuildFile; fileRef = DE3340A3B319046389F302D0 /* MenuBuilder.swift */; };
		32D9C233E5020977D5E03807 /* DialogWindow.swift in Sources */ = {isa = PBXBuildFile; fileRef = C6768A164E0D43F5CB8859BC /* DialogWindow.swift */; };
		33F5F952F045251F23766491 /* TitleBarView.swift in Sources */ = {isa = PBXBuildFile; fileRef = 940676FE2F0CE5E6F0497167 /* TitleBarView.swift */; };
		42CFC3CD2AA15BD8764CCAA5 /* DocumentReader.swift in Sources */ = {isa = PBXBuildFile; fileRef = FD5F8BE118D7FD80A04E8F3E /* DocumentReader.swift */; };
		464084554F0E496647D3FF45 /* DocumentWriter.swift in Sources */ = {isa = PBXBuildFile; fileRef = 37210EC459A2B558D55BB48F /* DocumentWriter.swift */; };
		4817D0AE5CDABD29E17EB00D /* LineEndingDetectorTests.swift in Sources */ = {isa = PBXBuildFile; fileRef = 128953384E9CCD4CD03C758A /* LineEndingDetectorTests.swift */; };
		4A7CACDA225891AAC64B86DB /* FindStateManager.swift in Sources */ = {isa = PBXBuildFile; fileRef = F5AE65DC18707BB7D8712ECC /* FindStateManager.swift */; };
		548406218829E669F543B8AF /* EditorScrollView.swift in Sources */ = {isa = PBXBuildFile; fileRef = 31C3E2652D4A8C2679A17CBD /* EditorScrollView.swift */; };
		5F28019DE6368BAA8A487E9D /* Metrics.swift in Sources */ = {isa = PBXBuildFile; fileRef = DA235079E80B03934F254F97 /* Metrics.swift */; };
		6536693A988DB9B9ABD832B5 /* FileBrowserSidebar.swift in Sources */ = {isa = PBXBuildFile; fileRef = B6283C39BEE8CFCC19369342 /* FileBrowserSidebar.swift */; };
		65805D0ABBAF53A040E284B3 /* FindEngine.swift in Sources */ = {isa = PBXBuildFile; fileRef = 64E6876D39313ADE04CD7CF0 /* FindEngine.swift */; };
		6AA1F6C78547052582077BBF /* StatusBarSegment.swift in Sources */ = {isa = PBXBuildFile; fileRef = 0E3C9CA77566A743E883984E /* StatusBarSegment.swift */; };
		716A49A15FA7B61909F4539A /* InWindowMenuItemView.swift in Sources */ = {isa = PBXBuildFile; fileRef = A8143A3481137204252EFDC3 /* InWindowMenuItemView.swift */; };
		75B2457A7CFF58FFEF2C21CF /* AppDelegate.swift in Sources */ = {isa = PBXBuildFile; fileRef = E245D65BCD3202AE1F33CAF8 /* AppDelegate.swift */; };
		777E83B55B75B7873CF2CFA3 /* DocumentWriterTests.swift in Sources */ = {isa = PBXBuildFile; fileRef = 9382A314B4C16ED2B1DF92AE /* DocumentWriterTests.swift */; };
		8BB1967761559CF97F4EDF53 /* KeyboardShortcuts.swift in Sources */ = {isa = PBXBuildFile; fileRef = FA1074EA12E838B458296E27 /* KeyboardShortcuts.swift */; };
		957A39D5CE24120392F3C373 /* FileBrowserDialog.swift in Sources */ = {isa = PBXBuildFile; fileRef = 116FCBF56F6A676EF5FA69C6 /* FileBrowserDialog.swift */; };
		9FBE71D9D445E789A86625EC /* FileBrowserList.swift in Sources */ = {isa = PBXBuildFile; fileRef = 55C25FFFFA0E258AB0FD361A /* FileBrowserList.swift */; };
		A0F08E53A9EF3FF6462544D3 /* SaveChangesPrompt.swift in Sources */ = {isa = PBXBuildFile; fileRef = 4624C8652682C605FF55BCF6 /* SaveChangesPrompt.swift */; };
		A7C60BF6165B389DCBEED696 /* InWindowMenuBarView.swift in Sources */ = {isa = PBXBuildFile; fileRef = E13DEE0549EC64D587550DE2 /* InWindowMenuBarView.swift */; };
		A8F0C8DD4D49C4884C1E3C89 /* FileBrowserBreadcrumb.swift in Sources */ = {isa = PBXBuildFile; fileRef = 29E4CAA81290D1601FCE00F3 /* FileBrowserBreadcrumb.swift */; };
		AF07B959096C9711577A340B /* GoToLineDialog.swift in Sources */ = {isa = PBXBuildFile; fileRef = 567911612FB5FBDA85A98E03 /* GoToLineDialog.swift */; };
		B85985D3E917C7BCA5A14045 /* EncodingDetector.swift in Sources */ = {isa = PBXBuildFile; fileRef = 4FD3E431AA29C7ABB4AF40A3 /* EncodingDetector.swift */; };
		BC072CE6B84D1AD79F1B9AFF /* WinScroller.swift in Sources */ = {isa = PBXBuildFile; fileRef = 02991DCCD6D82046F44A158B /* WinScroller.swift */; };
		BC592B87AF94CFD9EABEC82C /* LineColumnTrackerTests.swift in Sources */ = {isa = PBXBuildFile; fileRef = 61240EE2D6A837C806920CA6 /* LineColumnTrackerTests.swift */; };
		BE65102110171654E1BE193E /* Assets.xcassets in Resources */ = {isa = PBXBuildFile; fileRef = 1BD02472A5D54210E42CAC84 /* Assets.xcassets */; };
		C7B7D17B5ADBE53B54D9A834 /* NotepadWindow.swift in Sources */ = {isa = PBXBuildFile; fileRef = 381F720DF5F77F5EADA7482C /* NotepadWindow.swift */; };
		CB9994AAC21CF49608846B06 /* DocumentController.swift in Sources */ = {isa = PBXBuildFile; fileRef = 180FE80FD420C1A01C90E487 /* DocumentController.swift */; };
		CBB9FE4A7375F823F7FA1505 /* EditorView.swift in Sources */ = {isa = PBXBuildFile; fileRef = 611D2687452642AD6E8AF197 /* EditorView.swift */; };
		CC7930C5F699F974988AB470 /* TitleBarButton.swift in Sources */ = {isa = PBXBuildFile; fileRef = 35EEE2D1BD78EE67005F52D6 /* TitleBarButton.swift */; };
		CE0AD2DD6F0CA19A6AC9A0C2 /* NotepadWindowController.swift in Sources */ = {isa = PBXBuildFile; fileRef = C62AEB7F682D82545075E060 /* NotepadWindowController.swift */; };
		CE1A849F99C1FD1ECAE2540F /* StatusBarView.swift in Sources */ = {isa = PBXBuildFile; fileRef = 85EA6EAFAF979AD2EE1B904E /* StatusBarView.swift */; };
		EFDEF2C0529C168D291B00F1 /* PageSetupDialog.swift in Sources */ = {isa = PBXBuildFile; fileRef = B5D3E0301E9B7547DE80BC6D /* PageSetupDialog.swift */; };
		F430C5CFFFB5805227928892 /* AltKeyMonitor.swift in Sources */ = {isa = PBXBuildFile; fileRef = F9D7416B6E561F74E1E46A49 /* AltKeyMonitor.swift */; };
		FD0E4A34814EB7281DA9F1DB /* AboutDialog.swift in Sources */ = {isa = PBXBuildFile; fileRef = 78A594263BE99080B2D57118 /* AboutDialog.swift */; };
/* End PBXBuildFile section */

/* Begin PBXContainerItemProxy section */
		2504187A140165527FD61130 /* PBXContainerItemProxy */ = {
			isa = PBXContainerItemProxy;
			containerPortal = 34671AEA8CBE3743703DDE4E /* Project object */;
			proxyType = 1;
			remoteGlobalIDString = C1A7AEDF7E6A1E8D801CF473;
			remoteInfo = Notepad;
		};
/* End PBXContainerItemProxy section */

/* Begin PBXFileReference section */
		02991DCCD6D82046F44A158B /* WinScroller.swift */ = {isa = PBXFileReference; lastKnownFileType = sourcecode.swift; path = WinScroller.swift; sourceTree = "<group>"; };
		03A992C06AECDD62A73CD889 /* ZoomControllerTests.swift */ = {isa = PBXFileReference; lastKnownFileType = sourcecode.swift; path = ZoomControllerTests.swift; sourceTree = "<group>"; };
		0708751F71CE14CE9A80C8CB /* Colors.swift */ = {isa = PBXFileReference; lastKnownFileType = sourcecode.swift; path = Colors.swift; sourceTree = "<group>"; };
		0E3C9CA77566A743E883984E /* StatusBarSegment.swift */ = {isa = PBXFileReference; lastKnownFileType = sourcecode.swift; path = StatusBarSegment.swift; sourceTree = "<group>"; };
		116FCBF56F6A676EF5FA69C6 /* FileBrowserDialog.swift */ = {isa = PBXFileReference; lastKnownFileType = sourcecode.swift; path = FileBrowserDialog.swift; sourceTree = "<group>"; };
		128953384E9CCD4CD03C758A /* LineEndingDetectorTests.swift */ = {isa = PBXFileReference; lastKnownFileType = sourcecode.swift; path = LineEndingDetectorTests.swift; sourceTree = "<group>"; };
		180FE80FD420C1A01C90E487 /* DocumentController.swift */ = {isa = PBXFileReference; lastKnownFileType = sourcecode.swift; path = DocumentController.swift; sourceTree = "<group>"; };
		1BD02472A5D54210E42CAC84 /* Assets.xcassets */ = {isa = PBXFileReference; lastKnownFileType = folder.assetcatalog; path = Assets.xcassets; sourceTree = "<group>"; };
		29E4CAA81290D1601FCE00F3 /* FileBrowserBreadcrumb.swift */ = {isa = PBXFileReference; lastKnownFileType = sourcecode.swift; path = FileBrowserBreadcrumb.swift; sourceTree = "<group>"; };
		30D9DBF4C3EC85310C62B1C7 /* FindDialog.swift */ = {isa = PBXFileReference; lastKnownFileType = sourcecode.swift; path = FindDialog.swift; sourceTree = "<group>"; };
		31C3E2652D4A8C2679A17CBD /* EditorScrollView.swift */ = {isa = PBXFileReference; lastKnownFileType = sourcecode.swift; path = EditorScrollView.swift; sourceTree = "<group>"; };
		35780B0126EF988967CF811E /* NotepadTests.xctest */ = {isa = PBXFileReference; explicitFileType = wrapper.cfbundle; includeInIndex = 0; path = NotepadTests.xctest; sourceTree = BUILT_PRODUCTS_DIR; };
		35EEE2D1BD78EE67005F52D6 /* TitleBarButton.swift */ = {isa = PBXFileReference; lastKnownFileType = sourcecode.swift; path = TitleBarButton.swift; sourceTree = "<group>"; };
		37210EC459A2B558D55BB48F /* DocumentWriter.swift */ = {isa = PBXFileReference; lastKnownFileType = sourcecode.swift; path = DocumentWriter.swift; sourceTree = "<group>"; };
		381F720DF5F77F5EADA7482C /* NotepadWindow.swift */ = {isa = PBXFileReference; lastKnownFileType = sourcecode.swift; path = NotepadWindow.swift; sourceTree = "<group>"; };
		4624C8652682C605FF55BCF6 /* SaveChangesPrompt.swift */ = {isa = PBXFileReference; lastKnownFileType = sourcecode.swift; path = SaveChangesPrompt.swift; sourceTree = "<group>"; };
		4FD3E431AA29C7ABB4AF40A3 /* EncodingDetector.swift */ = {isa = PBXFileReference; lastKnownFileType = sourcecode.swift; path = EncodingDetector.swift; sourceTree = "<group>"; };
		55C25FFFFA0E258AB0FD361A /* FileBrowserList.swift */ = {isa = PBXFileReference; lastKnownFileType = sourcecode.swift; path = FileBrowserList.swift; sourceTree = "<group>"; };
		567911612FB5FBDA85A98E03 /* GoToLineDialog.swift */ = {isa = PBXFileReference; lastKnownFileType = sourcecode.swift; path = GoToLineDialog.swift; sourceTree = "<group>"; };
		5898D9F8705F5D455919CED7 /* Notepad.app */ = {isa = PBXFileReference; explicitFileType = wrapper.application; includeInIndex = 0; path = Notepad.app; sourceTree = BUILT_PRODUCTS_DIR; };
		5A317A5416B32A76D70DB52C /* ZoomController.swift */ = {isa = PBXFileReference; lastKnownFileType = sourcecode.swift; path = ZoomController.swift; sourceTree = "<group>"; };
		611D2687452642AD6E8AF197 /* EditorView.swift */ = {isa = PBXFileReference; lastKnownFileType = sourcecode.swift; path = EditorView.swift; sourceTree = "<group>"; };
		61240EE2D6A837C806920CA6 /* LineColumnTrackerTests.swift */ = {isa = PBXFileReference; lastKnownFileType = sourcecode.swift; path = LineColumnTrackerTests.swift; sourceTree = "<group>"; };
		64E6876D39313ADE04CD7CF0 /* FindEngine.swift */ = {isa = PBXFileReference; lastKnownFileType = sourcecode.swift; path = FindEngine.swift; sourceTree = "<group>"; };
		6ABB3147F275B90404C7A5EB /* ReplaceDialog.swift */ = {isa = PBXFileReference; lastKnownFileType = sourcecode.swift; path = ReplaceDialog.swift; sourceTree = "<group>"; };
		6AD0ED40C1F53CD2163049FB /* LineColumnTracker.swift */ = {isa = PBXFileReference; lastKnownFileType = sourcecode.swift; path = LineColumnTracker.swift; sourceTree = "<group>"; };
		78A594263BE99080B2D57118 /* AboutDialog.swift */ = {isa = PBXFileReference; lastKnownFileType = sourcecode.swift; path = AboutDialog.swift; sourceTree = "<group>"; };
		7BE543B8164509F34CDE9F0B /* FontDialog.swift */ = {isa = PBXFileReference; lastKnownFileType = sourcecode.swift; path = FontDialog.swift; sourceTree = "<group>"; };
		7D767CF4A69FEDEBDB4C305B /* DocumentState.swift */ = {isa = PBXFileReference; lastKnownFileType = sourcecode.swift; path = DocumentState.swift; sourceTree = "<group>"; };
		81AD4D7017442157CA88521F /* .gitkeep */ = {isa = PBXFileReference; path = .gitkeep; sourceTree = "<group>"; };
		85EA6EAFAF979AD2EE1B904E /* StatusBarView.swift */ = {isa = PBXFileReference; lastKnownFileType = sourcecode.swift; path = StatusBarView.swift; sourceTree = "<group>"; };
		9382A314B4C16ED2B1DF92AE /* DocumentWriterTests.swift */ = {isa = PBXFileReference; lastKnownFileType = sourcecode.swift; path = DocumentWriterTests.swift; sourceTree = "<group>"; };
		940676FE2F0CE5E6F0497167 /* TitleBarView.swift */ = {isa = PBXFileReference; lastKnownFileType = sourcecode.swift; path = TitleBarView.swift; sourceTree = "<group>"; };
		A8143A3481137204252EFDC3 /* InWindowMenuItemView.swift */ = {isa = PBXFileReference; lastKnownFileType = sourcecode.swift; path = InWindowMenuItemView.swift; sourceTree = "<group>"; };
		B4EB661F2E69995394AD57FF /* DocumentReaderTests.swift */ = {isa = PBXFileReference; lastKnownFileType = sourcecode.swift; path = DocumentReaderTests.swift; sourceTree = "<group>"; };
		B5D3E0301E9B7547DE80BC6D /* PageSetupDialog.swift */ = {isa = PBXFileReference; lastKnownFileType = sourcecode.swift; path = PageSetupDialog.swift; sourceTree = "<group>"; };
		B6283C39BEE8CFCC19369342 /* FileBrowserSidebar.swift */ = {isa = PBXFileReference; lastKnownFileType = sourcecode.swift; path = FileBrowserSidebar.swift; sourceTree = "<group>"; };
		C62AEB7F682D82545075E060 /* NotepadWindowController.swift */ = {isa = PBXFileReference; lastKnownFileType = sourcecode.swift; path = NotepadWindowController.swift; sourceTree = "<group>"; };
		C6768A164E0D43F5CB8859BC /* DialogWindow.swift */ = {isa = PBXFileReference; lastKnownFileType = sourcecode.swift; path = DialogWindow.swift; sourceTree = "<group>"; };
		CC9ED3CE49A54BAD721FD0E4 /* LineEndingDetector.swift */ = {isa = PBXFileReference; lastKnownFileType = sourcecode.swift; path = LineEndingDetector.swift; sourceTree = "<group>"; };
		D2EB41418D9B69D9C4C78EE8 /* EncodingDetectorTests.swift */ = {isa = PBXFileReference; lastKnownFileType = sourcecode.swift; path = EncodingDetectorTests.swift; sourceTree = "<group>"; };
		DA235079E80B03934F254F97 /* Metrics.swift */ = {isa = PBXFileReference; lastKnownFileType = sourcecode.swift; path = Metrics.swift; sourceTree = "<group>"; };
		DE3340A3B319046389F302D0 /* MenuBuilder.swift */ = {isa = PBXFileReference; lastKnownFileType = sourcecode.swift; path = MenuBuilder.swift; sourceTree = "<group>"; };
		E13DEE0549EC64D587550DE2 /* InWindowMenuBarView.swift */ = {isa = PBXFileReference; lastKnownFileType = sourcecode.swift; path = InWindowMenuBarView.swift; sourceTree = "<group>"; };
		E245D65BCD3202AE1F33CAF8 /* AppDelegate.swift */ = {isa = PBXFileReference; lastKnownFileType = sourcecode.swift; path = AppDelegate.swift; sourceTree = "<group>"; };
		F10BA9B9C8DA6063A57C0AED /* Fonts.swift */ = {isa = PBXFileReference; lastKnownFileType = sourcecode.swift; path = Fonts.swift; sourceTree = "<group>"; };
		F5AE65DC18707BB7D8712ECC /* FindStateManager.swift */ = {isa = PBXFileReference; lastKnownFileType = sourcecode.swift; path = FindStateManager.swift; sourceTree = "<group>"; };
		F9D7416B6E561F74E1E46A49 /* AltKeyMonitor.swift */ = {isa = PBXFileReference; lastKnownFileType = sourcecode.swift; path = AltKeyMonitor.swift; sourceTree = "<group>"; };
		FA1074EA12E838B458296E27 /* KeyboardShortcuts.swift */ = {isa = PBXFileReference; lastKnownFileType = sourcecode.swift; path = KeyboardShortcuts.swift; sourceTree = "<group>"; };
		FD5F8BE118D7FD80A04E8F3E /* DocumentReader.swift */ = {isa = PBXFileReference; lastKnownFileType = sourcecode.swift; path = DocumentReader.swift; sourceTree = "<group>"; };
/* End PBXFileReference section */

/* Begin PBXGroup section */
		0A6815520E8279EE362B9794 /* FileBrowser */ = {
			isa = PBXGroup;
			children = (
				29E4CAA81290D1601FCE00F3 /* FileBrowserBreadcrumb.swift */,
				116FCBF56F6A676EF5FA69C6 /* FileBrowserDialog.swift */,
				55C25FFFFA0E258AB0FD361A /* FileBrowserList.swift */,
				B6283C39BEE8CFCC19369342 /* FileBrowserSidebar.swift */,
			);
			path = FileBrowser;
			sourceTree = "<group>";
		};
		1D6269E614562C8CE99D5724 /* Notepad */ = {
			isa = PBXGroup;
			children = (
				E245D65BCD3202AE1F33CAF8 /* AppDelegate.swift */,
				1BD02472A5D54210E42CAC84 /* Assets.xcassets */,
				B9D2A77AB13D60DE7FBABBC1 /* App */,
				C4B50DB72D58ED59A356FE65 /* Dialogs */,
				AF441924E8B0E22BB20E709D /* Editor */,
				5638DB91F214343DB10B553A /* Files */,
				A5DEE77C07FC262F80A3ED67 /* Theme */,
				699B4AC47C9E65A3E3F7B84C /* Util */,
				DFB83ABE699C157C07E19F95 /* Window */,
			);
			path = Notepad;
			sourceTree = "<group>";
		};
		5638DB91F214343DB10B553A /* Files */ = {
			isa = PBXGroup;
			children = (
				FD5F8BE118D7FD80A04E8F3E /* DocumentReader.swift */,
				37210EC459A2B558D55BB48F /* DocumentWriter.swift */,
				4FD3E431AA29C7ABB4AF40A3 /* EncodingDetector.swift */,
				CC9ED3CE49A54BAD721FD0E4 /* LineEndingDetector.swift */,
			);
			path = Files;
			sourceTree = "<group>";
		};
		699B4AC47C9E65A3E3F7B84C /* Util */ = {
			isa = PBXGroup;
			children = (
				F9D7416B6E561F74E1E46A49 /* AltKeyMonitor.swift */,
				64E6876D39313ADE04CD7CF0 /* FindEngine.swift */,
				F5AE65DC18707BB7D8712ECC /* FindStateManager.swift */,
				6AD0ED40C1F53CD2163049FB /* LineColumnTracker.swift */,
			);
			path = Util;
			sourceTree = "<group>";
		};
		7B2B0A05D165DC0DA395658C = {
			isa = PBXGroup;
			children = (
				1D6269E614562C8CE99D5724 /* Notepad */,
				B3F9EE6101FFC21C776CCD00 /* NotepadTests */,
				BE97FB835F53A31F04307276 /* Products */,
			);
			sourceTree = "<group>";
		};
		A5DEE77C07FC262F80A3ED67 /* Theme */ = {
			isa = PBXGroup;
			children = (
				0708751F71CE14CE9A80C8CB /* Colors.swift */,
				F10BA9B9C8DA6063A57C0AED /* Fonts.swift */,
				DA235079E80B03934F254F97 /* Metrics.swift */,
			);
			path = Theme;
			sourceTree = "<group>";
		};
		AF441924E8B0E22BB20E709D /* Editor */ = {
			isa = PBXGroup;
			children = (
				7D767CF4A69FEDEBDB4C305B /* DocumentState.swift */,
				31C3E2652D4A8C2679A17CBD /* EditorScrollView.swift */,
				611D2687452642AD6E8AF197 /* EditorView.swift */,
				02991DCCD6D82046F44A158B /* WinScroller.swift */,
				5A317A5416B32A76D70DB52C /* ZoomController.swift */,
			);
			path = Editor;
			sourceTree = "<group>";
		};
		B3F9EE6101FFC21C776CCD00 /* NotepadTests */ = {
			isa = PBXGroup;
			children = (
				81AD4D7017442157CA88521F /* .gitkeep */,
				B4EB661F2E69995394AD57FF /* DocumentReaderTests.swift */,
				9382A314B4C16ED2B1DF92AE /* DocumentWriterTests.swift */,
				D2EB41418D9B69D9C4C78EE8 /* EncodingDetectorTests.swift */,
				61240EE2D6A837C806920CA6 /* LineColumnTrackerTests.swift */,
				128953384E9CCD4CD03C758A /* LineEndingDetectorTests.swift */,
				03A992C06AECDD62A73CD889 /* ZoomControllerTests.swift */,
			);
			path = NotepadTests;
			sourceTree = "<group>";
		};
		B9D2A77AB13D60DE7FBABBC1 /* App */ = {
			isa = PBXGroup;
			children = (
				180FE80FD420C1A01C90E487 /* DocumentController.swift */,
				FA1074EA12E838B458296E27 /* KeyboardShortcuts.swift */,
				DE3340A3B319046389F302D0 /* MenuBuilder.swift */,
			);
			path = App;
			sourceTree = "<group>";
		};
		BE97FB835F53A31F04307276 /* Products */ = {
			isa = PBXGroup;
			children = (
				5898D9F8705F5D455919CED7 /* Notepad.app */,
				35780B0126EF988967CF811E /* NotepadTests.xctest */,
			);
			name = Products;
			sourceTree = "<group>";
		};
		C4B50DB72D58ED59A356FE65 /* Dialogs */ = {
			isa = PBXGroup;
			children = (
				78A594263BE99080B2D57118 /* AboutDialog.swift */,
				C6768A164E0D43F5CB8859BC /* DialogWindow.swift */,
				30D9DBF4C3EC85310C62B1C7 /* FindDialog.swift */,
				7BE543B8164509F34CDE9F0B /* FontDialog.swift */,
				567911612FB5FBDA85A98E03 /* GoToLineDialog.swift */,
				B5D3E0301E9B7547DE80BC6D /* PageSetupDialog.swift */,
				6ABB3147F275B90404C7A5EB /* ReplaceDialog.swift */,
				4624C8652682C605FF55BCF6 /* SaveChangesPrompt.swift */,
				0A6815520E8279EE362B9794 /* FileBrowser */,
			);
			path = Dialogs;
			sourceTree = "<group>";
		};
		DFB83ABE699C157C07E19F95 /* Window */ = {
			isa = PBXGroup;
			children = (
				E13DEE0549EC64D587550DE2 /* InWindowMenuBarView.swift */,
				A8143A3481137204252EFDC3 /* InWindowMenuItemView.swift */,
				381F720DF5F77F5EADA7482C /* NotepadWindow.swift */,
				C62AEB7F682D82545075E060 /* NotepadWindowController.swift */,
				0E3C9CA77566A743E883984E /* StatusBarSegment.swift */,
				85EA6EAFAF979AD2EE1B904E /* StatusBarView.swift */,
				35EEE2D1BD78EE67005F52D6 /* TitleBarButton.swift */,
				940676FE2F0CE5E6F0497167 /* TitleBarView.swift */,
			);
			path = Window;
			sourceTree = "<group>";
		};
/* End PBXGroup section */

/* Begin PBXNativeTarget section */
		C1A7AEDF7E6A1E8D801CF473 /* Notepad */ = {
			isa = PBXNativeTarget;
			buildConfigurationList = 5F8602F2F40934487AC5942D /* Build configuration list for PBXNativeTarget "Notepad" */;
			buildPhases = (
				EBF618DCE951816500EBF2E4 /* Sources */,
				F9B9C2BD14738EA26DBF706A /* Resources */,
			);
			buildRules = (
			);
			dependencies = (
			);
			name = Notepad;
			packageProductDependencies = (
			);
			productName = Notepad;
			productReference = 5898D9F8705F5D455919CED7 /* Notepad.app */;
			productType = "com.apple.product-type.application";
		};
		CD87C015579F3BD317E8968A /* NotepadTests */ = {
			isa = PBXNativeTarget;
			buildConfigurationList = 00B98D2F86139B17EFA17CE7 /* Build configuration list for PBXNativeTarget "NotepadTests" */;
			buildPhases = (
				32B535958A136ABB62010610 /* Sources */,
			);
			buildRules = (
			);
			dependencies = (
				EB3132DB61DDEE0C05BB6191 /* PBXTargetDependency */,
			);
			name = NotepadTests;
			packageProductDependencies = (
			);
			productName = NotepadTests;
			productReference = 35780B0126EF988967CF811E /* NotepadTests.xctest */;
			productType = "com.apple.product-type.bundle.unit-test";
		};
/* End PBXNativeTarget section */

/* Begin PBXProject section */
		34671AEA8CBE3743703DDE4E /* Project object */ = {
			isa = PBXProject;
			attributes = {
				BuildIndependentTargetsInParallel = YES;
				LastUpgradeCheck = 1430;
				TargetAttributes = {
					C1A7AEDF7E6A1E8D801CF473 = {
						DevelopmentTeam = "";
						ProvisioningStyle = Automatic;
					};
					CD87C015579F3BD317E8968A = {
						DevelopmentTeam = "";
						ProvisioningStyle = Automatic;
					};
				};
			};
			buildConfigurationList = 030E6AF9C009F086247A5A6B /* Build configuration list for PBXProject "Notepad" */;
			developmentRegion = en;
			hasScannedForEncodings = 0;
			knownRegions = (
				Base,
				en,
			);
			mainGroup = 7B2B0A05D165DC0DA395658C;
			minimizedProjectReferenceProxies = 1;
			preferredProjectObjectVersion = 77;
			productRefGroup = BE97FB835F53A31F04307276 /* Products */;
			projectDirPath = "";
			projectRoot = "";
			targets = (
				C1A7AEDF7E6A1E8D801CF473 /* Notepad */,
				CD87C015579F3BD317E8968A /* NotepadTests */,
			);
		};
/* End PBXProject section */

/* Begin PBXResourcesBuildPhase section */
		F9B9C2BD14738EA26DBF706A /* Resources */ = {
			isa = PBXResourcesBuildPhase;
			buildActionMask = 2147483647;
			files = (
				BE65102110171654E1BE193E /* Assets.xcassets in Resources */,
			);
			runOnlyForDeploymentPostprocessing = 0;
		};
/* End PBXResourcesBuildPhase section */

/* Begin PBXSourcesBuildPhase section */
		32B535958A136ABB62010610 /* Sources */ = {
			isa = PBXSourcesBuildPhase;
			buildActionMask = 2147483647;
			files = (
				086CC10298D36F5DD6EC525B /* DocumentReaderTests.swift in Sources */,
				777E83B55B75B7873CF2CFA3 /* DocumentWriterTests.swift in Sources */,
				2ED79ED27A2AA6A2166B4529 /* EncodingDetectorTests.swift in Sources */,
				BC592B87AF94CFD9EABEC82C /* LineColumnTrackerTests.swift in Sources */,
				4817D0AE5CDABD29E17EB00D /* LineEndingDetectorTests.swift in Sources */,
				24A274C922FD68DA9A22F92A /* ZoomControllerTests.swift in Sources */,
			);
			runOnlyForDeploymentPostprocessing = 0;
		};
		EBF618DCE951816500EBF2E4 /* Sources */ = {
			isa = PBXSourcesBuildPhase;
			buildActionMask = 2147483647;
			files = (
				FD0E4A34814EB7281DA9F1DB /* AboutDialog.swift in Sources */,
				F430C5CFFFB5805227928892 /* AltKeyMonitor.swift in Sources */,
				75B2457A7CFF58FFEF2C21CF /* AppDelegate.swift in Sources */,
				11ADAD7D1DA447CB9CD565FA /* Colors.swift in Sources */,
				32D9C233E5020977D5E03807 /* DialogWindow.swift in Sources */,
				CB9994AAC21CF49608846B06 /* DocumentController.swift in Sources */,
				42CFC3CD2AA15BD8764CCAA5 /* DocumentReader.swift in Sources */,
				07DBA8753173EF1181A575A3 /* DocumentState.swift in Sources */,
				464084554F0E496647D3FF45 /* DocumentWriter.swift in Sources */,
				548406218829E669F543B8AF /* EditorScrollView.swift in Sources */,
				CBB9FE4A7375F823F7FA1505 /* EditorView.swift in Sources */,
				B85985D3E917C7BCA5A14045 /* EncodingDetector.swift in Sources */,
				A8F0C8DD4D49C4884C1E3C89 /* FileBrowserBreadcrumb.swift in Sources */,
				957A39D5CE24120392F3C373 /* FileBrowserDialog.swift in Sources */,
				9FBE71D9D445E789A86625EC /* FileBrowserList.swift in Sources */,
				6536693A988DB9B9ABD832B5 /* FileBrowserSidebar.swift in Sources */,
				00558A31A9FA99C608F2520F /* FindDialog.swift in Sources */,
				65805D0ABBAF53A040E284B3 /* FindEngine.swift in Sources */,
				4A7CACDA225891AAC64B86DB /* FindStateManager.swift in Sources */,
				26BB54478B8771A6E998BC64 /* FontDialog.swift in Sources */,
				05B2074D7CABDD0F0DD2FFA6 /* Fonts.swift in Sources */,
				AF07B959096C9711577A340B /* GoToLineDialog.swift in Sources */,
				A7C60BF6165B389DCBEED696 /* InWindowMenuBarView.swift in Sources */,
				716A49A15FA7B61909F4539A /* InWindowMenuItemView.swift in Sources */,
				8BB1967761559CF97F4EDF53 /* KeyboardShortcuts.swift in Sources */,
				00E814E379F24FE5EF660101 /* LineColumnTracker.swift in Sources */,
				2C6C8BB57ED19B9B07071AE6 /* LineEndingDetector.swift in Sources */,
				3121E6903D0B810FC0A95C79 /* MenuBuilder.swift in Sources */,
				5F28019DE6368BAA8A487E9D /* Metrics.swift in Sources */,
				C7B7D17B5ADBE53B54D9A834 /* NotepadWindow.swift in Sources */,
				CE0AD2DD6F0CA19A6AC9A0C2 /* NotepadWindowController.swift in Sources */,
				EFDEF2C0529C168D291B00F1 /* PageSetupDialog.swift in Sources */,
				0D3F1409C27F22F7CD34F99D /* ReplaceDialog.swift in Sources */,
				A0F08E53A9EF3FF6462544D3 /* SaveChangesPrompt.swift in Sources */,
				6AA1F6C78547052582077BBF /* StatusBarSegment.swift in Sources */,
				CE1A849F99C1FD1ECAE2540F /* StatusBarView.swift in Sources */,
				CC7930C5F699F974988AB470 /* TitleBarButton.swift in Sources */,
				33F5F952F045251F23766491 /* TitleBarView.swift in Sources */,
				BC072CE6B84D1AD79F1B9AFF /* WinScroller.swift in Sources */,
				1DE5C1E786FB5DDBECA301DD /* ZoomController.swift in Sources */,
			);
			runOnlyForDeploymentPostprocessing = 0;
		};
/* End PBXSourcesBuildPhase section */

/* Begin PBXTargetDependency section */
		EB3132DB61DDEE0C05BB6191 /* PBXTargetDependency */ = {
			isa = PBXTargetDependency;
			target = C1A7AEDF7E6A1E8D801CF473 /* Notepad */;
			targetProxy = 2504187A140165527FD61130 /* PBXContainerItemProxy */;
		};
/* End PBXTargetDependency section */

/* Begin XCBuildConfiguration section */
		36303AB55D9718279DC78C72 /* Release */ = {
			isa = XCBuildConfiguration;
			buildSettings = {
				BUNDLE_LOADER = "$(TEST_HOST)";
				COMBINE_HIDPI_IMAGES = YES;
				GENERATE_INFOPLIST_FILE = YES;
				LD_RUNPATH_SEARCH_PATHS = (
					"$(inherited)",
					"@executable_path/../Frameworks",
					"@loader_path/../Frameworks",
				);
				MACOSX_DEPLOYMENT_TARGET = 13.0;
				PRODUCT_BUNDLE_IDENTIFIER = com.bimboware.notepad.tests;
				SDKROOT = macosx;
				TEST_HOST = "$(BUILT_PRODUCTS_DIR)/Notepad.app/Contents/MacOS/Notepad";
			};
			name = Release;
		};
		4CD0DA83C1184B2C0990D84C /* Debug */ = {
			isa = XCBuildConfiguration;
			buildSettings = {
				BUNDLE_LOADER = "$(TEST_HOST)";
				COMBINE_HIDPI_IMAGES = YES;
				GENERATE_INFOPLIST_FILE = YES;
				LD_RUNPATH_SEARCH_PATHS = (
					"$(inherited)",
					"@executable_path/../Frameworks",
					"@loader_path/../Frameworks",
				);
				MACOSX_DEPLOYMENT_TARGET = 13.0;
				PRODUCT_BUNDLE_IDENTIFIER = com.bimboware.notepad.tests;
				SDKROOT = macosx;
				TEST_HOST = "$(BUILT_PRODUCTS_DIR)/Notepad.app/Contents/MacOS/Notepad";
			};
			name = Debug;
		};
		76160E5EE524DD060AC96466 /* Release */ = {
			isa = XCBuildConfiguration;
			buildSettings = {
				ALWAYS_SEARCH_USER_PATHS = NO;
				CLANG_ANALYZER_NONNULL = YES;
				CLANG_ANALYZER_NUMBER_OBJECT_CONVERSION = YES_AGGRESSIVE;
				CLANG_CXX_LANGUAGE_STANDARD = "gnu++14";
				CLANG_CXX_LIBRARY = "libc++";
				CLANG_ENABLE_MODULES = YES;
				CLANG_ENABLE_OBJC_ARC = YES;
				CLANG_ENABLE_OBJC_WEAK = YES;
				CLANG_WARN_BLOCK_CAPTURE_AUTORELEASING = YES;
				CLANG_WARN_BOOL_CONVERSION = YES;
				CLANG_WARN_COMMA = YES;
				CLANG_WARN_CONSTANT_CONVERSION = YES;
				CLANG_WARN_DEPRECATED_OBJC_IMPLEMENTATIONS = YES;
				CLANG_WARN_DIRECT_OBJC_ISA_USAGE = YES_ERROR;
				CLANG_WARN_DOCUMENTATION_COMMENTS = YES;
				CLANG_WARN_EMPTY_BODY = YES;
				CLANG_WARN_ENUM_CONVERSION = YES;
				CLANG_WARN_INFINITE_RECURSION = YES;
				CLANG_WARN_INT_CONVERSION = YES;
				CLANG_WARN_NON_LITERAL_NULL_CONVERSION = YES;
				CLANG_WARN_OBJC_IMPLICIT_RETAIN_SELF = YES;
				CLANG_WARN_OBJC_LITERAL_CONVERSION = YES;
				CLANG_WARN_OBJC_ROOT_CLASS = YES_ERROR;
				CLANG_WARN_QUOTED_INCLUDE_IN_FRAMEWORK_HEADER = YES;
				CLANG_WARN_RANGE_LOOP_ANALYSIS = YES;
				CLANG_WARN_STRICT_PROTOTYPES = YES;
				CLANG_WARN_SUSPICIOUS_MOVE = YES;
				CLANG_WARN_UNGUARDED_AVAILABILITY = YES_AGGRESSIVE;
				CLANG_WARN_UNREACHABLE_CODE = YES;
				CLANG_WARN__DUPLICATE_METHOD_MATCH = YES;
				CODE_SIGN_IDENTITY = "-";
				CODE_SIGN_STYLE = Automatic;
				COPY_PHASE_STRIP = NO;
				CURRENT_PROJECT_VERSION = 1;
				DEBUG_INFORMATION_FORMAT = "dwarf-with-dsym";
				DEVELOPMENT_TEAM = "";
				ENABLE_HARDENED_RUNTIME = YES;
				ENABLE_NS_ASSERTIONS = NO;
				ENABLE_STRICT_OBJC_MSGSEND = YES;
				GCC_C_LANGUAGE_STANDARD = gnu11;
				GCC_NO_COMMON_BLOCKS = YES;
				GCC_WARN_64_TO_32_BIT_CONVERSION = YES;
				GCC_WARN_ABOUT_RETURN_TYPE = YES_ERROR;
				GCC_WARN_UNDECLARED_SELECTOR = YES;
				GCC_WARN_UNINITIALIZED_AUTOS = YES_AGGRESSIVE;
				GCC_WARN_UNUSED_FUNCTION = YES;
				GCC_WARN_UNUSED_VARIABLE = YES;
				MACOSX_DEPLOYMENT_TARGET = 13.0;
				MARKETING_VERSION = 1.0;
				MTL_ENABLE_DEBUG_INFO = NO;
				MTL_FAST_MATH = YES;
				PRODUCT_BUNDLE_IDENTIFIER = com.bimboware.notepad;
				PRODUCT_NAME = "$(TARGET_NAME)";
				SDKROOT = macosx;
				SWIFT_COMPILATION_MODE = wholemodule;
				SWIFT_OPTIMIZATION_LEVEL = "-O";
				SWIFT_VERSION = 5.9;
			};
			name = Release;
		};
		9DF65BA6528A19C897B25A4D /* Debug */ = {
			isa = XCBuildConfiguration;
			buildSettings = {
				ALWAYS_SEARCH_USER_PATHS = NO;
				CLANG_ANALYZER_NONNULL = YES;
				CLANG_ANALYZER_NUMBER_OBJECT_CONVERSION = YES_AGGRESSIVE;
				CLANG_CXX_LANGUAGE_STANDARD = "gnu++14";
				CLANG_CXX_LIBRARY = "libc++";
				CLANG_ENABLE_MODULES = YES;
				CLANG_ENABLE_OBJC_ARC = YES;
				CLANG_ENABLE_OBJC_WEAK = YES;
				CLANG_WARN_BLOCK_CAPTURE_AUTORELEASING = YES;
				CLANG_WARN_BOOL_CONVERSION = YES;
				CLANG_WARN_COMMA = YES;
				CLANG_WARN_CONSTANT_CONVERSION = YES;
				CLANG_WARN_DEPRECATED_OBJC_IMPLEMENTATIONS = YES;
				CLANG_WARN_DIRECT_OBJC_ISA_USAGE = YES_ERROR;
				CLANG_WARN_DOCUMENTATION_COMMENTS = YES;
				CLANG_WARN_EMPTY_BODY = YES;
				CLANG_WARN_ENUM_CONVERSION = YES;
				CLANG_WARN_INFINITE_RECURSION = YES;
				CLANG_WARN_INT_CONVERSION = YES;
				CLANG_WARN_NON_LITERAL_NULL_CONVERSION = YES;
				CLANG_WARN_OBJC_IMPLICIT_RETAIN_SELF = YES;
				CLANG_WARN_OBJC_LITERAL_CONVERSION = YES;
				CLANG_WARN_OBJC_ROOT_CLASS = YES_ERROR;
				CLANG_WARN_QUOTED_INCLUDE_IN_FRAMEWORK_HEADER = YES;
				CLANG_WARN_RANGE_LOOP_ANALYSIS = YES;
				CLANG_WARN_STRICT_PROTOTYPES = YES;
				CLANG_WARN_SUSPICIOUS_MOVE = YES;
				CLANG_WARN_UNGUARDED_AVAILABILITY = YES_AGGRESSIVE;
				CLANG_WARN_UNREACHABLE_CODE = YES;
				CLANG_WARN__DUPLICATE_METHOD_MATCH = YES;
				CODE_SIGN_IDENTITY = "-";
				CODE_SIGN_STYLE = Automatic;
				COPY_PHASE_STRIP = NO;
				CURRENT_PROJECT_VERSION = 1;
				DEBUG_INFORMATION_FORMAT = dwarf;
				DEVELOPMENT_TEAM = "";
				ENABLE_HARDENED_RUNTIME = YES;
				ENABLE_STRICT_OBJC_MSGSEND = YES;
				ENABLE_TESTABILITY = YES;
				GCC_C_LANGUAGE_STANDARD = gnu11;
				GCC_DYNAMIC_NO_PIC = NO;
				GCC_NO_COMMON_BLOCKS = YES;
				GCC_OPTIMIZATION_LEVEL = 0;
				GCC_PREPROCESSOR_DEFINITIONS = (
					"$(inherited)",
					"DEBUG=1",
				);
				GCC_WARN_64_TO_32_BIT_CONVERSION = YES;
				GCC_WARN_ABOUT_RETURN_TYPE = YES_ERROR;
				GCC_WARN_UNDECLARED_SELECTOR = YES;
				GCC_WARN_UNINITIALIZED_AUTOS = YES_AGGRESSIVE;
				GCC_WARN_UNUSED_FUNCTION = YES;
				GCC_WARN_UNUSED_VARIABLE = YES;
				MACOSX_DEPLOYMENT_TARGET = 13.0;
				MARKETING_VERSION = 1.0;
				MTL_ENABLE_DEBUG_INFO = INCLUDE_SOURCE;
				MTL_FAST_MATH = YES;
				ONLY_ACTIVE_ARCH = YES;
				PRODUCT_BUNDLE_IDENTIFIER = com.bimboware.notepad;
				PRODUCT_NAME = "$(TARGET_NAME)";
				SDKROOT = macosx;
				SWIFT_ACTIVE_COMPILATION_CONDITIONS = DEBUG;
				SWIFT_OPTIMIZATION_LEVEL = "-Onone";
				SWIFT_VERSION = 5.9;
			};
			name = Debug;
		};
		C2755A0721F231362239191A /* Release */ = {
			isa = XCBuildConfiguration;
			buildSettings = {
				ASSETCATALOG_COMPILER_APPICON_NAME = AppIcon;
				COMBINE_HIDPI_IMAGES = YES;
				GENERATE_INFOPLIST_FILE = NO;
				INFOPLIST_FILE = Notepad/Info.plist;
				LD_RUNPATH_SEARCH_PATHS = (
					"$(inherited)",
					"@executable_path/../Frameworks",
				);
				MACOSX_DEPLOYMENT_TARGET = 13.0;
				PRODUCT_BUNDLE_IDENTIFIER = com.bimboware.notepad;
				PRODUCT_NAME = Notepad;
				SDKROOT = macosx;
			};
			name = Release;
		};
		ED2563C92E527B63C08B830D /* Debug */ = {
			isa = XCBuildConfiguration;
			buildSettings = {
				ASSETCATALOG_COMPILER_APPICON_NAME = AppIcon;
				COMBINE_HIDPI_IMAGES = YES;
				GENERATE_INFOPLIST_FILE = NO;
				INFOPLIST_FILE = Notepad/Info.plist;
				LD_RUNPATH_SEARCH_PATHS = (
					"$(inherited)",
					"@executable_path/../Frameworks",
				);
				MACOSX_DEPLOYMENT_TARGET = 13.0;
				PRODUCT_BUNDLE_IDENTIFIER = com.bimboware.notepad;
				PRODUCT_NAME = Notepad;
				SDKROOT = macosx;
			};
			name = Debug;
		};
/* End XCBuildConfiguration section */

/* Begin XCConfigurationList section */
		00B98D2F86139B17EFA17CE7 /* Build configuration list for PBXNativeTarget "NotepadTests" */ = {
			isa = XCConfigurationList;
			buildConfigurations = (
				4CD0DA83C1184B2C0990D84C /* Debug */,
				36303AB55D9718279DC78C72 /* Release */,
			);
			defaultConfigurationIsVisible = 0;
			defaultConfigurationName = Debug;
		};
		030E6AF9C009F086247A5A6B /* Build configuration list for PBXProject "Notepad" */ = {
			isa = XCConfigurationList;
			buildConfigurations = (
				9DF65BA6528A19C897B25A4D /* Debug */,
				76160E5EE524DD060AC96466 /* Release */,
			);
			defaultConfigurationIsVisible = 0;
			defaultConfigurationName = Debug;
		};
		5F8602F2F40934487AC5942D /* Build configuration list for PBXNativeTarget "Notepad" */ = {
			isa = XCConfigurationList;
			buildConfigurations = (
				ED2563C92E527B63C08B830D /* Debug */,
				C2755A0721F231362239191A /* Release */,
			);
			defaultConfigurationIsVisible = 0;
			defaultConfigurationName = Debug;
		};
/* End XCConfigurationList section */
	};
	rootObject = 34671AEA8CBE3743703DDE4E /* Project object */;
}
